// !$*UTF8*$!
{
	archiveVersion = 1;
	classes = {
	};
	objectVersion = 50;
	objects = {

/* Begin PBXBuildFile section */
		160436C52073C768000F5B61 /* AppDelegate.swift in Sources */ = {isa = PBXBuildFile; fileRef = 160436C42073C768000F5B61 /* AppDelegate.swift */; };
		160436C72073C768000F5B61 /* ViewController.swift in Sources */ = {isa = PBXBuildFile; fileRef = 160436C62073C768000F5B61 /* ViewController.swift */; };
		160436CA2073C768000F5B61 /* Main.storyboard in Resources */ = {isa = PBXBuildFile; fileRef = 160436C82073C768000F5B61 /* Main.storyboard */; };
		160436CC2073C76B000F5B61 /* Assets.xcassets in Resources */ = {isa = PBXBuildFile; fileRef = 160436CB2073C76B000F5B61 /* Assets.xcassets */; };
		160436CF2073C76B000F5B61 /* LaunchScreen.storyboard in Resources */ = {isa = PBXBuildFile; fileRef = 160436CD2073C76B000F5B61 /* LaunchScreen.storyboard */; };
		160436DA2073C76B000F5B61 /* sampleCodeTests.swift in Sources */ = {isa = PBXBuildFile; fileRef = 160436D92073C76B000F5B61 /* sampleCodeTests.swift */; };
		160436E52073C76B000F5B61 /* sampleCodeUITests.swift in Sources */ = {isa = PBXBuildFile; fileRef = 160436E42073C76B000F5B61 /* sampleCodeUITests.swift */; };
/* End PBXBuildFile section */

/* Begin PBXContainerItemProxy section */
		160436D62073C76B000F5B61 /* PBXContainerItemProxy */ = {
			isa = PBXContainerItemProxy;
			containerPortal = 160436B92073C768000F5B61 /* Project object */;
			proxyType = 1;
			remoteGlobalIDString = 160436C02073C768000F5B61;
			remoteInfo = sampleCode;
		};
		160436E12073C76B000F5B61 /* PBXContainerItemProxy */ = {
			isa = PBXContainerItemProxy;
			containerPortal = 160436B92073C768000F5B61 /* Project object */;
			proxyType = 1;
			remoteGlobalIDString = 160436C02073C768000F5B61;
			remoteInfo = sampleCode;
		};
/* End PBXContainerItemProxy section */

/* Begin PBXFileReference section */
		160436C12073C768000F5B61 /* sampleCode.app */ = {isa = PBXFileReference; explicitFileType = wrapper.application; includeInIndex = 0; path = sampleCode.app; sourceTree = BUILT_PRODUCTS_DIR; };
		160436C42073C768000F5B61 /* AppDelegate.swift */ = {isa = PBXFileReference; lastKnownFileType = sourcecode.swift; path = AppDelegate.swift; sourceTree = "<group>"; };
		160436C62073C768000F5B61 /* ViewController.swift */ = {isa = PBXFileReference; lastKnownFileType = sourcecode.swift; path = ViewController.swift; sourceTree = "<group>"; };
		160436C92073C768000F5B61 /* Base */ = {isa = PBXFileReference; lastKnownFileType = file.storyboard; name = Base; path = Base.lproj/Main.storyboard; sourceTree = "<group>"; };
		160436CB2073C76B000F5B61 /* Assets.xcassets */ = {isa = PBXFileReference; lastKnownFileType = folder.assetcatalog; path = Assets.xcassets; sourceTree = "<group>"; };
		160436CE2073C76B000F5B61 /* Base */ = {isa = PBXFileReference; lastKnownFileType = file.storyboard; name = Base; path = Base.lproj/LaunchScreen.storyboard; sourceTree = "<group>"; };
		160436D02073C76B000F5B61 /* Info.plist */ = {isa = PBXFileReference; lastKnownFileType = text.plist.xml; path = Info.plist; sourceTree = "<group>"; };
		160436D52073C76B000F5B61 /* sampleCodeTests.xctest */ = {isa = PBXFileReference; explicitFileType = wrapper.cfbundle; includeInIndex = 0; path = sampleCodeTests.xctest; sourceTree = BUILT_PRODUCTS_DIR; };
		160436D92073C76B000F5B61 /* sampleCodeTests.swift */ = {isa = PBXFileReference; lastKnownFileType = sourcecode.swift; path = sampleCodeTests.swift; sourceTree = "<group>"; };
		160436DB2073C76B000F5B61 /* Info.plist */ = {isa = PBXFileReference; lastKnownFileType = text.plist.xml; path = Info.plist; sourceTree = "<group>"; };
		160436E02073C76B000F5B61 /* sampleCodeUITests.xctest */ = {isa = PBXFileReference; explicitFileType = wrapper.cfbundle; includeInIndex = 0; path = sampleCodeUITests.xctest; sourceTree = BUILT_PRODUCTS_DIR; };
		160436E42073C76B000F5B61 /* sampleCodeUITests.swift */ = {isa = PBXFileReference; lastKnownFileType = sourcecode.swift; path = sampleCodeUITests.swift; sourceTree = "<group>"; };
		160436E62073C76B000F5B61 /* Info.plist */ = {isa = PBXFileReference; lastKnownFileType = text.plist.xml; path = Info.plist; sourceTree = "<group>"; };
/* End PBXFileReference section */

/* Begin PBXFrameworksBuildPhase section */
		160436BE2073C768000F5B61 /* Frameworks */ = {
			isa = PBXFrameworksBuildPhase;
			buildActionMask = 2147483647;
			files = (
			);
			runOnlyForDeploymentPostprocessing = 0;
		};
		160436D22073C76B000F5B61 /* Frameworks */ = {
			isa = PBXFrameworksBuildPhase;
			buildActionMask = 2147483647;
			files = (
			);
			runOnlyForDeploymentPostprocessing = 0;
		};
		160436DD2073C76B000F5B61 /* Frameworks */ = {
			isa = PBXFrameworksBuildPhase;
			buildActionMask = 2147483647;
			files = (
			);
			runOnlyForDeploymentPostprocessing = 0;
		};
/* End PBXFrameworksBuildPhase section */

/* Begin PBXGroup section */
		160436B82073C768000F5B61 = {
			isa = PBXGroup;
			children = (
				160436C32073C768000F5B61 /* sampleCode */,
				160436D82073C76B000F5B61 /* sampleCodeTests */,
				160436E32073C76B000F5B61 /* sampleCodeUITests */,
				160436C22073C768000F5B61 /* Products */,
			);
			sourceTree = "<group>";
		};
		160436C22073C768000F5B61 /* Products */ = {
			isa = PBXGroup;
			children = (
				160436C12073C768000F5B61 /* sampleCode.app */,
				160436D52073C76B000F5B61 /* sampleCodeTests.xctest */,
				160436E02073C76B000F5B61 /* sampleCodeUITests.xctest */,
			);
			name = Products;
			sourceTree = "<group>";
		};
		160436C32073C768000F5B61 /* sampleCode */ = {
			isa = PBXGroup;
			children = (
				160436C42073C768000F5B61 /* AppDelegate.swift */,
				160436C62073C768000F5B61 /* ViewController.swift */,
				160436C82073C768000F5B61 /* Main.storyboard */,
				160436CB2073C76B000F5B61 /* Assets.xcassets */,
				160436CD2073C76B000F5B61 /* LaunchScreen.storyboard */,
				160436D02073C76B000F5B61 /* Info.plist */,
			);
			path = sampleCode;
			sourceTree = "<group>";
		};
		160436D82073C76B000F5B61 /* sampleCodeTests */ = {
			isa = PBXGroup;
			children = (
				160436D92073C76B000F5B61 /* sampleCodeTests.swift */,
				160436DB2073C76B000F5B61 /* Info.plist */,
			);
			path = sampleCodeTests;
			sourceTree = "<group>";
		};
		160436E32073C76B000F5B61 /* sampleCodeUITests */ = {
			isa = PBXGroup;
			children = (
				160436E42073C76B000F5B61 /* sampleCodeUITests.swift */,
				160436E62073C76B000F5B61 /* Info.plist */,
			);
			path = sampleCodeUITests;
			sourceTree = "<group>";
		};
/* End PBXGroup section */

/* Begin PBXNativeTarget section */
		160436C02073C768000F5B61 /* sampleCode */ = {
			isa = PBXNativeTarget;
			buildConfigurationList = 160436E92073C76B000F5B61 /* Build configuration list for PBXNativeTarget "sampleCode" */;
			buildPhases = (
				160436BD2073C768000F5B61 /* Sources */,
				160436BE2073C768000F5B61 /* Frameworks */,
				160436BF2073C768000F5B61 /* Resources */,
			);
			buildRules = (
			);
			dependencies = (
			);
			name = sampleCode;
			productName = sampleCode;
			productReference = 160436C12073C768000F5B61 /* sampleCode.app */;
			productType = "com.apple.product-type.application";
		};
		160436D42073C76B000F5B61 /* sampleCodeTests */ = {
			isa = PBXNativeTarget;
			buildConfigurationList = 160436EC2073C76B000F5B61 /* Build configuration list for PBXNativeTarget "sampleCodeTests" */;
			buildPhases = (
				160436D12073C76B000F5B61 /* Sources */,
				160436D22073C76B000F5B61 /* Frameworks */,
				160436D32073C76B000F5B61 /* Resources */,
			);
			buildRules = (
			);
			dependencies = (
				160436D72073C76B000F5B61 /* PBXTargetDependency */,
			);
			name = sampleCodeTests;
			productName = sampleCodeTests;
			productReference = 160436D52073C76B000F5B61 /* sampleCodeTests.xctest */;
			productType = "com.apple.product-type.bundle.unit-test";
		};
		160436DF2073C76B000F5B61 /* sampleCodeUITests */ = {
			isa = PBXNativeTarget;
			buildConfigurationList = 160436EF2073C76B000F5B61 /* Build configuration list for PBXNativeTarget "sampleCodeUITests" */;
			buildPhases = (
				160436DC2073C76B000F5B61 /* Sources */,
				160436DD2073C76B000F5B61 /* Frameworks */,
				160436DE2073C76B000F5B61 /* Resources */,
			);
			buildRules = (
			);
			dependencies = (
				160436E22073C76B000F5B61 /* PBXTargetDependency */,
			);
			name = sampleCodeUITests;
			productName = sampleCodeUITests;
			productReference = 160436E02073C76B000F5B61 /* sampleCodeUITests.xctest */;
			productType = "com.apple.product-type.bundle.ui-testing";
		};
/* End PBXNativeTarget section */

/* Begin PBXProject section */
		160436B92073C768000F5B61 /* Project object */ = {
			isa = PBXProject;
			attributes = {
				LastSwiftUpdateCheck = 0930;
				LastUpgradeCheck = 0930;
				ORGANIZATIONNAME = "Tommy Ryanto";
				TargetAttributes = {
					160436C02073C768000F5B61 = {
						CreatedOnToolsVersion = 9.3;
					};
					160436D42073C76B000F5B61 = {
						CreatedOnToolsVersion = 9.3;
						TestTargetID = 160436C02073C768000F5B61;
					};
					160436DF2073C76B000F5B61 = {
						CreatedOnToolsVersion = 9.3;
						TestTargetID = 160436C02073C768000F5B61;
					};
				};
			};
			buildConfigurationList = 160436BC2073C768000F5B61 /* Build configuration list for PBXProject "sampleCode" */;
			compatibilityVersion = "Xcode 9.3";
			developmentRegion = en;
			hasScannedForEncodings = 0;
			knownRegions = (
				en,
				Base,
			);
			mainGroup = 160436B82073C768000F5B61;
			productRefGroup = 160436C22073C768000F5B61 /* Products */;
			projectDirPath = "";
			projectRoot = "";
			targets = (
				160436C02073C768000F5B61 /* sampleCode */,
				160436D42073C76B000F5B61 /* sampleCodeTests */,
				160436DF2073C76B000F5B61 /* sampleCodeUITests */,
			);
		};
/* End PBXProject section */

/* Begin PBXResourcesBuildPhase section */
		160436BF2073C768000F5B61 /* Resources */ = {
			isa = PBXResourcesBuildPhase;
			buildActionMask = 2147483647;
			files = (
				160436CF2073C76B000F5B61 /* LaunchScreen.storyboard in Resources */,
				160436CC2073C76B000F5B61 /* Assets.xcassets in Resources */,
				160436CA2073C768000F5B61 /* Main.storyboard in Resources */,
			);
			runOnlyForDeploymentPostprocessing = 0;
		};
		160436D32073C76B000F5B61 /* Resources */ = {
			isa = PBXResourcesBuildPhase;
			buildActionMask = 2147483647;
			files = (
			);
			runOnlyForDeploymentPostprocessing = 0;
		};
		160436DE2073C76B000F5B61 /* Resources */ = {
			isa = PBXResourcesBuildPhase;
			buildActionMask = 2147483647;
			files = (
			);
			runOnlyForDeploymentPostprocessing = 0;
		};
/* End PBXResourcesBuildPhase section */

/* Begin PBXSourcesBuildPhase section */
		160436BD2073C768000F5B61 /* Sources */ = {
			isa = PBXSourcesBuildPhase;
			buildActionMask = 2147483647;
			files = (
				160436C72073C768000F5B61 /* ViewController.swift in Sources */,
				160436C52073C768000F5B61 /* AppDelegate.swift in Sources */,
			);
			runOnlyForDeploymentPostprocessing = 0;
		};
		160436D12073C76B000F5B61 /* Sources */ = {
			isa = PBXSourcesBuildPhase;
			buildActionMask = 2147483647;
			files = (
				160436DA2073C76B000F5B61 /* sampleCodeTests.swift in Sources */,
			);
			runOnlyForDeploymentPostprocessing = 0;
		};
		160436DC2073C76B000F5B61 /* Sources */ = {
			isa = PBXSourcesBuildPhase;
			buildActionMask = 2147483647;
			files = (
				160436E52073C76B000F5B61 /* sampleCodeUITests.swift in Sources */,
			);
			runOnlyForDeploymentPostprocessing = 0;
		};
/* End PBXSourcesBuildPhase section */

/* Begin PBXTargetDependency section */
		160436D72073C76B000F5B61 /* PBXTargetDependency */ = {
			isa = PBXTargetDependency;
			target = 160436C02073C768000F5B61 /* sampleCode */;
			targetProxy = 160436D62073C76B000F5B61 /* PBXContainerItemProxy */;
		};
		160436E22073C76B000F5B61 /* PBXTargetDependency */ = {
			isa = PBXTargetDependency;
			target = 160436C02073C768000F5B61 /* sampleCode */;
			targetProxy = 160436E12073C76B000F5B61 /* PBXContainerItemProxy */;
		};
/* End PBXTargetDependency section */

/* Begin PBXVariantGroup section */
		160436C82073C768000F5B61 /* Main.storyboard */ = {
			isa = PBXVariantGroup;
			children = (
				160436C92073C768000F5B61 /* Base */,
			);
			name = Main.storyboard;
			sourceTree = "<group>";
		};
		160436CD2073C76B000F5B61 /* LaunchScreen.storyboard */ = {
			isa = PBXVariantGroup;
			children = (
				160436CE2073C76B000F5B61 /* Base */,
			);
			name = LaunchScreen.storyboard;
			sourceTree = "<group>";
		};
/* End PBXVariantGroup section */

/* Begin XCBuildConfiguration section */
		160436E72073C76B000F5B61 /* Debug */ = {
			isa = XCBuildConfiguration;
			buildSettings = {
				ALWAYS_SEARCH_USER_PATHS = NO;
				CLANG_ANALYZER_NONNULL = YES;
				CLANG_ANALYZER_NUMBER_OBJECT_CONVERSION = YES_AGGRESSIVE;
				CLANG_CXX_LANGUAGE_STANDARD = "gnu++14";
				CLANG_CXX_LIBRARY = "libc++";
				CLANG_ENABLE_MODULES = YES;
				CLANG_ENABLE_OBJC_ARC = YES;
				CLANG_ENABLE_OBJC_WEAK = YES;
				CLANG_WARN_BLOCK_CAPTURE_AUTORELEASING = YES;
				CLANG_WARN_BOOL_CONVERSION = YES;
				CLANG_WARN_COMMA = YES;
				CLANG_WARN_CONSTANT_CONVERSION = YES;
				CLANG_WARN_DEPRECATED_OBJC_IMPLEMENTATIONS = YES;
				CLANG_WARN_DIRECT_OBJC_ISA_USAGE = YES_ERROR;
				CLANG_WARN_DOCUMENTATION_COMMENTS = YES;
				CLANG_WARN_EMPTY_BODY = YES;
				CLANG_WARN_ENUM_CONVERSION = YES;
				CLANG_WARN_INFINITE_RECURSION = YES;
				CLANG_WARN_INT_CONVERSION = YES;
				CLANG_WARN_NON_LITERAL_NULL_CONVERSION = YES;
				CLANG_WARN_OBJC_IMPLICIT_RETAIN_SELF = YES;
				CLANG_WARN_OBJC_LITERAL_CONVERSION = YES;
				CLANG_WARN_OBJC_ROOT_CLASS = YES_ERROR;
				CLANG_WARN_RANGE_LOOP_ANALYSIS = YES;
				CLANG_WARN_STRICT_PROTOTYPES = YES;
				CLANG_WARN_SUSPICIOUS_MOVE = YES;
				CLANG_WARN_UNGUARDED_AVAILABILITY = YES_AGGRESSIVE;
				CLANG_WARN_UNREACHABLE_CODE = YES;
				CLANG_WARN__DUPLICATE_METHOD_MATCH = YES;
				CODE_SIGN_IDENTITY = "iPhone Developer";
				COPY_PHASE_STRIP = NO;
				DEBUG_INFORMATION_FORMAT = dwarf;
				ENABLE_STRICT_OBJC_MSGSEND = YES;
				ENABLE_TESTABILITY = YES;
				GCC_C_LANGUAGE_STANDARD = gnu11;
				GCC_DYNAMIC_NO_PIC = NO;
				GCC_NO_COMMON_BLOCKS = YES;
				GCC_OPTIMIZATION_LEVEL = 0;
				GCC_PREPROCESSOR_DEFINITIONS = (
					"DEBUG=1",
					"$(inherited)",
				);
				GCC_WARN_64_TO_32_BIT_CONVERSION = YES;
				GCC_WARN_ABOUT_RETURN_TYPE = YES_ERROR;
				GCC_WARN_UNDECLARED_SELECTOR = YES;
				GCC_WARN_UNINITIALIZED_AUTOS = YES_AGGRESSIVE;
				GCC_WARN_UNUSED_FUNCTION = YES;
				GCC_WARN_UNUSED_VARIABLE = YES;
				IPHONEOS_DEPLOYMENT_TARGET = 11.3;
				MTL_ENABLE_DEBUG_INFO = YES;
				ONLY_ACTIVE_ARCH = YES;
				SDKROOT = iphoneos;
				SWIFT_ACTIVE_COMPILATION_CONDITIONS = DEBUG;
				SWIFT_OPTIMIZATION_LEVEL = "-Onone";
			};
			name = Debug;
		};
		160436E82073C76B000F5B61 /* Release */ = {
			isa = XCBuildConfiguration;
			buildSettings = {
				ALWAYS_SEARCH_USER_PATHS = NO;
				CLANG_ANALYZER_NONNULL = YES;
				CLANG_ANALYZER_NUMBER_OBJECT_CONVERSION = YES_AGGRESSIVE;
				CLANG_CXX_LANGUAGE_STANDARD = "gnu++14";
				CLANG_CXX_LIBRARY = "libc++";
				CLANG_ENABLE_MODULES = YES;
				CLANG_ENABLE_OBJC_ARC = YES;
				CLANG_ENABLE_OBJC_WEAK = YES;
				CLANG_WARN_BLOCK_CAPTURE_AUTORELEASING = YES;
				CLANG_WARN_BOOL_CONVERSION = YES;
				CLANG_WARN_COMMA = YES;
				CLANG_WARN_CONSTANT_CONVERSION = YES;
				CLANG_WARN_DEPRECATED_OBJC_IMPLEMENTATIONS = YES;
				CLANG_WARN_DIRECT_OBJC_ISA_USAGE = YES_ERROR;
				CLANG_WARN_DOCUMENTATION_COMMENTS = YES;
				CLANG_WARN_EMPTY_BODY = YES;
				CLANG_WARN_ENUM_CONVERSION = YES;
				CLANG_WARN_INFINITE_RECURSION = YES;
				CLANG_WARN_INT_CONVERSION = YES;
				CLANG_WARN_NON_LITERAL_NULL_CONVERSION = YES;
				CLANG_WARN_OBJC_IMPLICIT_RETAIN_SELF = YES;
				CLANG_WARN_OBJC_LITERAL_CONVERSION = YES;
				CLANG_WARN_OBJC_ROOT_CLASS = YES_ERROR;
				CLANG_WARN_RANGE_LOOP_ANALYSIS = YES;
				CLANG_WARN_STRICT_PROTOTYPES = YES;
				CLANG_WARN_SUSPICIOUS_MOVE = YES;
				CLANG_WARN_UNGUARDED_AVAILABILITY = YES_AGGRESSIVE;
				CLANG_WARN_UNREACHABLE_CODE = YES;
				CLANG_WARN__DUPLICATE_METHOD_MATCH = YES;
				CODE_SIGN_IDENTITY = "iPhone Developer";
				COPY_PHASE_STRIP = NO;
				DEBUG_INFORMATION_FORMAT = "dwarf-with-dsym";
				ENABLE_NS_ASSERTIONS = NO;
				ENABLE_STRICT_OBJC_MSGSEND = YES;
				GCC_C_LANGUAGE_STANDARD = gnu11;
				GCC_NO_COMMON_BLOCKS = YES;
				GCC_WARN_64_TO_32_BIT_CONVERSION = YES;
				GCC_WARN_ABOUT_RETURN_TYPE = YES_ERROR;
				GCC_WARN_UNDECLARED_SELECTOR = YES;
				GCC_WARN_UNINITIALIZED_AUTOS = YES_AGGRESSIVE;
				GCC_WARN_UNUSED_FUNCTION = YES;
				GCC_WARN_UNUSED_VARIABLE = YES;
				IPHONEOS_DEPLOYMENT_TARGET = 11.3;
				MTL_ENABLE_DEBUG_INFO = NO;
				SDKROOT = iphoneos;
				SWIFT_COMPILATION_MODE = wholemodule;
				SWIFT_OPTIMIZATION_LEVEL = "-O";
				VALIDATE_PRODUCT = YES;
			};
			name = Release;
		};
		160436EA2073C76B000F5B61 /* Debug */ = {
			isa = XCBuildConfiguration;
			buildSettings = {
				ASSETCATALOG_COMPILER_APPICON_NAME = AppIcon;
				CODE_SIGN_STYLE = Automatic;
				INFOPLIST_FILE = sampleCode/Info.plist;
				LD_RUNPATH_SEARCH_PATHS = (
					"$(inherited)",
					"@executable_path/Frameworks",
				);
				PRODUCT_BUNDLE_IDENTIFIER = TommyR.sampleCode;
				PRODUCT_NAME = "$(TARGET_NAME)";
				SWIFT_VERSION = 4.0;
				TARGETED_DEVICE_FAMILY = "1,2";
			};
			name = Debug;
		};
		160436EB2073C76B000F5B61 /* Release */ = {
			isa = XCBuildConfiguration;
			buildSettings = {
				ASSETCATALOG_COMPILER_APPICON_NAME = AppIcon;
				CODE_SIGN_STYLE = Automatic;
				INFOPLIST_FILE = sampleCode/Info.plist;
				LD_RUNPATH_SEARCH_PATHS = (
					"$(inherited)",
					"@executable_path/Frameworks",
				);
				PRODUCT_BUNDLE_IDENTIFIER = TommyR.sampleCode;
				PRODUCT_NAME = "$(TARGET_NAME)";
				SWIFT_VERSION = 4.0;
				TARGETED_DEVICE_FAMILY = "1,2";
			};
			name = Release;
		};
		160436ED2073C76B000F5B61 /* Debug */ = {
			isa = XCBuildConfiguration;
			buildSettings = {
				ALWAYS_EMBED_SWIFT_STANDARD_LIBRARIES = YES;
				BUNDLE_LOADER = "$(TEST_HOST)";
				CODE_SIGN_STYLE = Automatic;
				INFOPLIST_FILE = sampleCodeTests/Info.plist;
				LD_RUNPATH_SEARCH_PATHS = (
					"$(inherited)",
					"@executable_path/Frameworks",
					"@loader_path/Frameworks",
				);
				PRODUCT_BUNDLE_IDENTIFIER = TommyR.sampleCodeTests;
				PRODUCT_NAME = "$(TARGET_NAME)";
				SWIFT_VERSION = 4.0;
				TARGETED_DEVICE_FAMILY = "1,2";
				TEST_HOST = "$(BUILT_PRODUCTS_DIR)/sampleCode.app/sampleCode";
			};
			name = Debug;
		};
		160436EE2073C76B000F5B61 /* Release */ = {
			isa = XCBuildConfiguration;
			buildSettings = {
				ALWAYS_EMBED_SWIFT_STANDARD_LIBRARIES = YES;
				BUNDLE_LOADER = "$(TEST_HOST)";
				CODE_SIGN_STYLE = Automatic;
				INFOPLIST_FILE = sampleCodeTests/Info.plist;
				LD_RUNPATH_SEARCH_PATHS = (
					"$(inherited)",
					"@executable_path/Frameworks",
					"@loader_path/Frameworks",
				);
				PRODUCT_BUNDLE_IDENTIFIER = TommyR.sampleCodeTests;
				PRODUCT_NAME = "$(TARGET_NAME)";
				SWIFT_VERSION = 4.0;
				TARGETED_DEVICE_FAMILY = "1,2";
				TEST_HOST = "$(BUILT_PRODUCTS_DIR)/sampleCode.app/sampleCode";
			};
			name = Release;
		};
		160436F02073C76B000F5B61 /* Debug */ = {
			isa = XCBuildConfiguration;
			buildSettings = {
				ALWAYS_EMBED_SWIFT_STANDARD_LIBRARIES = YES;
				CODE_SIGN_STYLE = Automatic;
				INFOPLIST_FILE = sampleCodeUITests/Info.plist;
				LD_RUNPATH_SEARCH_PATHS = (
					"$(inherited)",
					"@executable_path/Frameworks",
					"@loader_path/Frameworks",
				);
				PRODUCT_BUNDLE_IDENTIFIER = TommyR.sampleCodeUITests;
				PRODUCT_NAME = "$(TARGET_NAME)";
				SWIFT_VERSION = 4.0;
				TARGETED_DEVICE_FAMILY = "1,2";
				TEST_TARGET_NAME = sampleCode;
			};
			name = Debug;
		};
		160436F12073C76B000F5B61 /* Release */ = {
			isa = XCBuildConfiguration;
			buildSettings = {
				ALWAYS_EMBED_SWIFT_STANDARD_LIBRARIES = YES;
				CODE_SIGN_STYLE = Automatic;
				INFOPLIST_FILE = sampleCodeUITests/Info.plist;
				LD_RUNPATH_SEARCH_PATHS = (
					"$(inherited)",
					"@executable_path/Frameworks",
					"@loader_path/Frameworks",
				);
				PRODUCT_BUNDLE_IDENTIFIER = TommyR.sampleCodeUITests;
				PRODUCT_NAME = "$(TARGET_NAME)";
				SWIFT_VERSION = 4.0;
				TARGETED_DEVICE_FAMILY = "1,2";
				TEST_TARGET_NAME = sampleCode;
			};
			name = Release;
		};
/* End XCBuildConfiguration section */

/* Begin XCConfigurationList section */
		160436BC2073C768000F5B61 /* Build configuration list for PBXProject "sampleCode" */ = {
			isa = XCConfigurationList;
			buildConfigurations = (
				160436E72073C76B000F5B61 /* Debug */,
				160436E82073C76B000F5B61 /* Release */,
			);
			defaultConfigurationIsVisible = 0;
			defaultConfigurationName = Release;
		};
		160436E92073C76B000F5B61 /* Build configuration list for PBXNativeTarget "sampleCode" */ = {
			isa = XCConfigurationList;
			buildConfigurations = (
				160436EA2073C76B000F5B61 /* Debug */,
				160436EB2073C76B000F5B61 /* Release */,
			);
			defaultConfigurationIsVisible = 0;
			defaultConfigurationName = Release;
		};
		160436EC2073C76B000F5B61 /* Build configuration list for PBXNativeTarget "sampleCodeTests" */ = {
			isa = XCConfigurationList;
			buildConfigurations = (
				160436ED2073C76B000F5B61 /* Debug */,
				160436EE2073C76B000F5B61 /* Release */,
			);
			defaultConfigurationIsVisible = 0;
			defaultConfigurationName = Release;
		};
		160436EF2073C76B000F5B61 /* Build configuration list for PBXNativeTarget "sampleCodeUITests" */ = {
			isa = XCConfigurationList;
			buildConfigurations = (
				160436F02073C76B000F5B61 /* Debug */,
				160436F12073C76B000F5B61 /* Release */,
			);
			defaultConfigurationIsVisible = 0;
			defaultConfigurationName = Release;
		};
/* End XCConfigurationList section */
	};
	rootObject = 160436B92073C768000F5B61 /* Project object */;
}
